
Microsoft Visual Studio Solution File, Format Version 12.00
# Visual Studio 15
VisualStudioVersion = 15.0.28302.56
MinimumVisualStudioVersion = 10.0.40219.1
Project("{FAE04EC0-301F-11D3-BF4B-00C04F79EFBC}") = "Weather.Android", "Weather\Weather.Android\Weather.Android.csproj", "{C015837A-AC87-4A41-9470-2014FF6BADC4}"
EndProject
Project("{FAE04EC0-301F-11D3-BF4B-00C04F79EFBC}") = "Weather.iOS", "Weather\Weather.iOS\Weather.iOS.csproj", "{80950B12-30DD-4C27-B455-259707DDD004}"
EndProject
Project("{FAE04EC0-301F-11D3-BF4B-00C04F79EFBC}") = "Weather", "Weather\Weather\Weather.csproj", "{C7F9DB39-0B5E-4B08-9939-7F77DF5CB860}"
EndProject
Global
	GlobalSection(SolutionConfigurationPlatforms) = preSolution
		Ad-Hoc|Any CPU = Ad-Hoc|Any CPU
		Ad-Hoc|iPhone = Ad-Hoc|iPhone
		Ad-Hoc|iPhoneSimulator = Ad-Hoc|iPhoneSimulator
		AppStore|Any CPU = AppStore|Any CPU
		AppStore|iPhone = AppStore|iPhone
		AppStore|iPhoneSimulator = AppStore|iPhoneSimulator
		Debug|Any CPU = Debug|Any CPU
		Debug|iPhone = Debug|iPhone
		Debug|iPhoneSimulator = Debug|iPhoneSimulator
		Release|Any CPU = Release|Any CPU
		Release|iPhone = Release|iPhone
		Release|iPhoneSimulator = Release|iPhoneSimulator
	EndGlobalSection
	GlobalSection(ProjectConfigurationPlatforms) = postSolution
		{C015837A-AC87-4A41-9470-2014FF6BADC4}.Ad-Hoc|Any CPU.ActiveCfg = Release|Any CPU
		{C015837A-AC87-4A41-9470-2014FF6BADC4}.Ad-Hoc|Any CPU.Build.0 = Release|Any CPU
		{C015837A-AC87-4A41-9470-2014FF6BADC4}.Ad-Hoc|Any CPU.Deploy.0 = Release|Any CPU
		{C015837A-AC87-4A41-9470-2014FF6BADC4}.Ad-Hoc|iPhone.ActiveCfg = Release|Any CPU
		{C015837A-AC87-4A41-9470-2014FF6BADC4}.Ad-Hoc|iPhone.Build.0 = Release|Any CPU
		{C015837A-AC87-4A41-9470-2014FF6BADC4}.Ad-Hoc|iPhone.Deploy.0 = Release|Any CPU
		{C015837A-AC87-4A41-9470-2014FF6BADC4}.Ad-Hoc|iPhoneSimulator.ActiveCfg = Release|Any CPU
		{C015837A-AC87-4A41-9470-2014FF6BADC4}.Ad-Hoc|iPhoneSimulator.Build.0 = Release|Any CPU
		{C015837A-AC87-4A41-9470-2014FF6BADC4}.Ad-Hoc|iPhoneSimulator.Deploy.0 = Release|Any CPU
		{C015837A-AC87-4A41-9470-2014FF6BADC4}.AppStore|Any CPU.ActiveCfg = Release|Any CPU
		{C015837A-AC87-4A41-9470-2014FF6BADC4}.AppStore|Any CPU.Build.0 = Release|Any CPU
		{C015837A-AC87-4A41-9470-2014FF6BADC4}.AppStore|Any CPU.Deploy.0 = Release|Any CPU
		{C015837A-AC87-4A41-9470-2014FF6BADC4}.AppStore|iPhone.ActiveCfg = Release|Any CPU
		{C015837A-AC87-4A41-9470-2014FF6BADC4}.AppStore|iPhone.Build.0 = Release|Any CPU
		{C015837A-AC87-4A41-9470-2014FF6BADC4}.AppStore|iPhone.Deploy.0 = Release|Any CPU
		{C015837A-AC87-4A41-9470-2014FF6BADC4}.AppStore|iPhoneSimulator.ActiveCfg = Release|Any CPU
		{C015837A-AC87-4A41-9470-2014FF6BADC4}.AppStore|iPhoneSimulator.Build.0 = Release|Any CPU
		{C015837A-AC87-4A41-9470-2014FF6BADC4}.AppStore|iPhoneSimulator.Deploy.0 = Release|Any CPU
		{C015837A-AC87-4A41-9470-2014FF6BADC4}.Debug|Any CPU.ActiveCfg = Debug|Any CPU
		{C015837A-AC87-4A41-9470-2014FF6BADC4}.Debug|Any CPU.Build.0 = Debug|Any CPU
		{C015837A-AC87-4A41-9470-2014FF6BADC4}.Debug|Any CPU.Deploy.0 = Debug|Any CPU
		{C015837A-AC87-4A41-9470-2014FF6BADC4}.Debug|iPhone.ActiveCfg = Debug|Any CPU
		{C015837A-AC87-4A41-9470-2014FF6BADC4}.Debug|iPhone.Build.0 = Debug|Any CPU
		{C015837A-AC87-4A41-9470-2014FF6BADC4}.Debug|iPhone.Deploy.0 = Debug|Any CPU
		{C015837A-AC87-4A41-9470-2014FF6BADC4}.Debug|iPhoneSimulator.ActiveCfg = Debug|Any CPU
		{C015837A-AC87-4A41-9470-2014FF6BADC4}.Debug|iPhoneSimulator.Build.0 = Debug|Any CPU
		{C015837A-AC87-4A41-9470-2014FF6BADC4}.Debug|iPhoneSimulator.Deploy.0 = Debug|Any CPU
		{C015837A-AC87-4A41-9470-2014FF6BADC4}.Release|Any CPU.ActiveCfg = Release|Any CPU
		{C015837A-AC87-4A41-9470-2014FF6BADC4}.Release|Any CPU.Build.0 = Release|Any CPU
		{C015837A-AC87-4A41-9470-2014FF6BADC4}.Release|Any CPU.Deploy.0 = Release|Any CPU
		{C015837A-AC87-4A41-9470-2014FF6BADC4}.Release|iPhone.ActiveCfg = Release|Any CPU
		{C015837A-AC87-4A41-9470-2014FF6BADC4}.Release|iPhone.Build.0 = Release|Any CPU
		{C015837A-AC87-4A41-9470-2014FF6BADC4}.Release|iPhone.Deploy.0 = Release|Any CPU
		{C015837A-AC87-4A41-9470-2014FF6BADC4}.Release|iPhoneSimulator.ActiveCfg = Release|Any CPU
		{C015837A-AC87-4A41-9470-2014FF6BADC4}.Release|iPhoneSimulator.Build.0 = Release|Any CPU
		{C015837A-AC87-4A41-9470-2014FF6BADC4}.Release|iPhoneSimulator.Deploy.0 = Release|Any CPU
		{80950B12-30DD-4C27-B455-259707DDD004}.Ad-Hoc|Any CPU.ActiveCfg = Ad-Hoc|iPhone
		{80950B12-30DD-4C27-B455-259707DDD004}.Ad-Hoc|Any CPU.Build.0 = Ad-Hoc|iPhone
		{80950B12-30DD-4C27-B455-259707DDD004}.Ad-Hoc|Any CPU.Deploy.0 = Ad-Hoc|iPhone
		{80950B12-30DD-4C27-B455-259707DDD004}.Ad-Hoc|iPhone.ActiveCfg = Ad-Hoc|iPhone
		{80950B12-30DD-4C27-B455-259707DDD004}.Ad-Hoc|iPhone.Build.0 = Ad-Hoc|iPhone
		{80950B12-30DD-4C27-B455-259707DDD004}.Ad-Hoc|iPhone.Deploy.0 = Ad-Hoc|iPhone
		{80950B12-30DD-4C27-B455-259707DDD004}.Ad-Hoc|iPhoneSimulator.ActiveCfg = Ad-Hoc|iPhoneSimulator
		{80950B12-30DD-4C27-B455-259707DDD004}.Ad-Hoc|iPhoneSimulator.Build.0 = Ad-Hoc|iPhoneSimulator
		{80950B12-30DD-4C27-B455-259707DDD004}.Ad-Hoc|iPhoneSimulator.Deploy.0 = Ad-Hoc|iPhoneSimulator
		{80950B12-30DD-4C27-B455-259707DDD004}.AppStore|Any CPU.ActiveCfg = AppStore|iPhone
		{80950B12-30DD-4C27-B455-259707DDD004}.AppStore|Any CPU.Build.0 = AppStore|iPhone
		{80950B12-30DD-4C27-B455-259707DDD004}.AppStore|Any CPU.Deploy.0 = AppStore|iPhone
		{80950B12-30DD-4C27-B455-259707DDD004}.AppStore|iPhone.ActiveCfg = AppStore|iPhone
		{80950B12-30DD-4C27-B455-259707DDD004}.AppStore|iPhone.Build.0 = AppStore|iPhone
		{80950B12-30DD-4C27-B455-259707DDD004}.AppStore|iPhone.Deploy.0 = AppStore|iPhone
		{80950B12-30DD-4C27-B455-259707DDD004}.AppStore|iPhoneSimulator.ActiveCfg = AppStore|iPhoneSimulator
		{80950B12-30DD-4C27-B455-259707DDD004}.AppStore|iPhoneSimulator.Build.0 = AppStore|iPhoneSimulator
		{80950B12-30DD-4C27-B455-259707DDD004}.AppStore|iPhoneSimulator.Deploy.0 = AppStore|iPhoneSimulator
		{80950B12-30DD-4C27-B455-259707DDD004}.Debug|Any CPU.ActiveCfg = Debug|iPhoneSimulator
		{80950B12-30DD-4C27-B455-259707DDD004}.Debug|Any CPU.Build.0 = Debug|iPhoneSimulator
		{80950B12-30DD-4C27-B455-259707DDD004}.Debug|Any CPU.Deploy.0 = Debug|iPhoneSimulator
		{80950B12-30DD-4C27-B455-259707DDD004}.Debug|iPhone.ActiveCfg = Debug|iPhone
		{80950B12-30DD-4C27-B455-259707DDD004}.Debug|iPhone.Build.0 = Debug|iPhone
		{80950B12-30DD-4C27-B455-259707DDD004}.Debug|iPhone.Deploy.0 = Debug|iPhone
		{80950B12-30DD-4C27-B455-259707DDD004}.Debug|iPhoneSimulator.ActiveCfg = Debug|iPhoneSimulator
		{80950B12-30DD-4C27-B455-259707DDD004}.Debug|iPhoneSimulator.Build.0 = Debug|iPhoneSimulator
		{80950B12-30DD-4C27-B455-259707DDD004}.Debug|iPhoneSimulator.Deploy.0 = Debug|iPhoneSimulator
		{80950B12-30DD-4C27-B455-259707DDD004}.Release|Any CPU.ActiveCfg = Release|iPhone
		{80950B12-30DD-4C27-B455-259707DDD004}.Release|Any CPU.Build.0 = Release|iPhone
		{80950B12-30DD-4C27-B455-259707DDD004}.Release|Any CPU.Deploy.0 = Release|iPhone
		{80950B12-30DD-4C27-B455-259707DDD004}.Release|iPhone.ActiveCfg = Release|iPhone
		{80950B12-30DD-4C27-B455-259707DDD004}.Release|iPhone.Build.0 = Release|iPhone
		{80950B12-30DD-4C27-B455-259707DDD004}.Release|iPhone.Deploy.0 = Release|iPhone
		{80950B12-30DD-4C27-B455-259707DDD004}.Release|iPhoneSimulator.ActiveCfg = Release|iPhoneSimulator
		{80950B12-30DD-4C27-B455-259707DDD004}.Release|iPhoneSimulator.Build.0 = Release|iPhoneSimulator
		{80950B12-30DD-4C27-B455-259707DDD004}.Release|iPhoneSimulator.Deploy.0 = Release|iPhoneSimulator
		{C7F9DB39-0B5E-4B08-9939-7F77DF5CB860}.Ad-Hoc|Any CPU.ActiveCfg = Debug|Any CPU
		{C7F9DB39-0B5E-4B08-9939-7F77DF5CB860}.Ad-Hoc|Any CPU.Build.0 = Debug|Any CPU
		{C7F9DB39-0B5E-4B08-9939-7F77DF5CB860}.Ad-Hoc|Any CPU.Deploy.0 = Debug|Any CPU
		{C7F9DB39-0B5E-4B08-9939-7F77DF5CB860}.Ad-Hoc|iPhone.ActiveCfg = Debug|Any CPU
		{C7F9DB39-0B5E-4B08-9939-7F77DF5CB860}.Ad-Hoc|iPhone.Build.0 = Debug|Any CPU
		{C7F9DB39-0B5E-4B08-9939-7F77DF5CB860}.Ad-Hoc|iPhone.Deploy.0 = Debug|Any CPU
		{C7F9DB39-0B5E-4B08-9939-7F77DF5CB860}.Ad-Hoc|iPhoneSimulator.ActiveCfg = Debug|Any CPU
		{C7F9DB39-0B5E-4B08-9939-7F77DF5CB860}.Ad-Hoc|iPhoneSimulator.Build.0 = Debug|Any CPU
		{C7F9DB39-0B5E-4B08-9939-7F77DF5CB860}.Ad-Hoc|iPhoneSimulator.Deploy.0 = Debug|Any CPU
		{C7F9DB39-0B5E-4B08-9939-7F77DF5CB860}.AppStore|Any CPU.ActiveCfg = Debug|Any CPU
		{C7F9DB39-0B5E-4B08-9939-7F77DF5CB860}.AppStore|Any CPU.Build.0 = Debug|Any CPU
		{C7F9DB39-0B5E-4B08-9939-7F77DF5CB860}.AppStore|Any CPU.Deploy.0 = Debug|Any CPU
		{C7F9DB39-0B5E-4B08-9939-7F77DF5CB860}.AppStore|iPhone.ActiveCfg = Debug|Any CPU
		{C7F9DB39-0B5E-4B08-9939-7F77DF5CB860}.AppStore|iPhone.Build.0 = Debug|Any CPU
		{C7F9DB39-0B5E-4B08-9939-7F77DF5CB860}.AppStore|iPhone.Deploy.0 = Debug|Any CPU
		{C7F9DB39-0B5E-4B08-9939-7F77DF5CB860}.AppStore|iPhoneSimulator.ActiveCfg = Debug|Any CPU
		{C7F9DB39-0B5E-4B08-9939-7F77DF5CB860}.AppStore|iPhoneSimulator.Build.0 = Debug|Any CPU
		{C7F9DB39-0B5E-4B08-9939-7F77DF5CB860}.AppStore|iPhoneSimulator.Deploy.0 = Debug|Any CPU
		{C7F9DB39-0B5E-4B08-9939-7F77DF5CB860}.Debug|Any CPU.ActiveCfg = Debug|Any CPU
		{C7F9DB39-0B5E-4B08-9939-7F77DF5CB860}.Debug|Any CPU.Build.0 = Debug|Any CPU
		{C7F9DB39-0B5E-4B08-9939-7F77DF5CB860}.Debug|Any CPU.Deploy.0 = Debug|Any CPU
		{C7F9DB39-0B5E-4B08-9939-7F77DF5CB860}.Debug|iPhone.ActiveCfg = Debug|Any CPU
		{C7F9DB39-0B5E-4B08-9939-7F77DF5CB860}.Debug|iPhone.Build.0 = Debug|Any CPU
		{C7F9DB39-0B5E-4B08-9939-7F77DF5CB860}.Debug|iPhone.Deploy.0 = Debug|Any CPU
		{C7F9DB39-0B5E-4B08-9939-7F77DF5CB860}.Debug|iPhoneSimulator.ActiveCfg = Debug|Any CPU
		{C7F9DB39-0B5E-4B08-9939-7F77DF5CB860}.Debug|iPhoneSimulator.Build.0 = Debug|Any CPU
		{C7F9DB39-0B5E-4B08-9939-7F77DF5CB860}.Debug|iPhoneSimulator.Deploy.0 = Debug|Any CPU
		{C7F9DB39-0B5E-4B08-9939-7F77DF5CB860}.Release|Any CPU.ActiveCfg = Release|Any CPU
		{C7F9DB39-0B5E-4B08-9939-7F77DF5CB860}.Release|Any CPU.Build.0 = Release|Any CPU
		{C7F9DB39-0B5E-4B08-9939-7F77DF5CB860}.Release|Any CPU.Deploy.0 = Release|Any CPU
		{C7F9DB39-0B5E-4B08-9939-7F77DF5CB860}.Release|iPhone.ActiveCfg = Release|Any CPU
		{C7F9DB39-0B5E-4B08-9939-7F77DF5CB860}.Release|iPhone.Build.0 = Release|Any CPU
		{C7F9DB39-0B5E-4B08-9939-7F77DF5CB860}.Release|iPhone.Deploy.0 = Release|Any CPU
		{C7F9DB39-0B5E-4B08-9939-7F77DF5CB860}.Release|iPhoneSimulator.ActiveCfg = Release|Any CPU
		{C7F9DB39-0B5E-4B08-9939-7F77DF5CB860}.Release|iPhoneSimulator.Build.0 = Release|Any CPU
		{C7F9DB39-0B5E-4B08-9939-7F77DF5CB860}.Release|iPhoneSimulator.Deploy.0 = Release|Any CPU
	EndGlobalSection
	GlobalSection(SolutionProperties) = preSolution
		HideSolutionNode = FALSE
	EndGlobalSection
	GlobalSection(ExtensibilityGlobals) = postSolution
		SolutionGuid = {9EC5B42D-5DDF-48C2-9617-4F330383FC55}
	EndGlobalSection
EndGlobal
